
Microsoft Visual Studio Solution File, Format Version 12.00
# Visual Studio Version 16
VisualStudioVersion = 16.0.30611.23
MinimumVisualStudioVersion = 10.0.40219.1
Project("{FAE04EC0-301F-11D3-BF4B-00C04F79EFBC}") = "epicture.Android", "epicture.Android\epicture.Android.csproj", "{B63B0EB3-AEEF-4542-9526-DD6EE4EAB77B}"
EndProject
Project("{FAE04EC0-301F-11D3-BF4B-00C04F79EFBC}") = "epicture", "epicture\epicture.csproj", "{495D8498-FF15-40CD-A113-9AAA8CC5F0FF}"
EndProject
Global
	GlobalSection(SolutionConfigurationPlatforms) = preSolution
		Debug|Any CPU = Debug|Any CPU
		Release|Any CPU = Release|Any CPU
	EndGlobalSection
	GlobalSection(ProjectConfigurationPlatforms) = postSolution
		{B63B0EB3-AEEF-4542-9526-DD6EE4EAB77B}.Debug|Any CPU.ActiveCfg = Debug|Any CPU
		{B63B0EB3-AEEF-4542-9526-DD6EE4EAB77B}.Debug|Any CPU.Build.0 = Debug|Any CPU
		{B63B0EB3-AEEF-4542-9526-DD6EE4EAB77B}.Debug|Any CPU.Deploy.0 = Debug|Any CPU
		{B63B0EB3-AEEF-4542-9526-DD6EE4EAB77B}.Release|Any CPU.ActiveCfg = Release|Any CPU
		{B63B0EB3-AEEF-4542-9526-DD6EE4EAB77B}.Release|Any CPU.Build.0 = Release|Any CPU
		{B63B0EB3-AEEF-4542-9526-DD6EE4EAB77B}.Release|Any CPU.Deploy.0 = Release|Any CPU
		{495D8498-FF15-40CD-A113-9AAA8CC5F0FF}.Debug|Any CPU.ActiveCfg = Debug|Any CPU
		{495D8498-FF15-40CD-A113-9AAA8CC5F0FF}.Debug|Any CPU.Build.0 = Debug|Any CPU
		{495D8498-FF15-40CD-A113-9AAA8CC5F0FF}.Debug|Any CPU.Deploy.0 = Debug|Any CPU
		{495D8498-FF15-40CD-A113-9AAA8CC5F0FF}.Release|Any CPU.ActiveCfg = Release|Any CPU
		{495D8498-FF15-40CD-A113-9AAA8CC5F0FF}.Release|Any CPU.Build.0 = Release|Any CPU
		{495D8498-FF15-40CD-A113-9AAA8CC5F0FF}.Release|Any CPU.Deploy.0 = Release|Any CPU
	EndGlobalSection
	GlobalSection(SolutionProperties) = preSolution
		HideSolutionNode = FALSE
	EndGlobalSection
	GlobalSection(ExtensibilityGlobals) = postSolution
		SolutionGuid = {50468A07-AED0-4A41-88CF-3D5D3DB640B6}
	EndGlobalSection
EndGlobal
